// !$*UTF8*$!
{
	archiveVersion = 1;
	classes = {
	};
	objectVersion = 77;
	objects = {

/* Begin PBXBuildFile section */
		334A93252CA86ADA00A5E079 /* LibFido2Swift in Frameworks */ = {isa = PBXBuildFile; productRef = 334A93242CA86ADA00A5E079 /* LibFido2Swift */; };
		33768ECA2CA891D200BB20F7 /* LibFido2Swift in Frameworks */ = {isa = PBXBuildFile; productRef = 33768EC92CA891D200BB20F7 /* LibFido2Swift */; };
		33768ECC2CA8923E00BB20F7 /* Testing.framework in Frameworks */ = {isa = PBXBuildFile; fileRef = 33768ECB2CA8923E00BB20F7 /* Testing.framework */; };
		33768ECD2CA8923E00BB20F7 /* Testing.framework in Embed Frameworks */ = {isa = PBXBuildFile; fileRef = 33768ECB2CA8923E00BB20F7 /* Testing.framework */; settings = {ATTRIBUTES = (CodeSignOnCopy, RemoveHeadersOnCopy, ); }; };
/* End PBXBuildFile section */

/* Begin PBXCopyFilesBuildPhase section */
		33768ECE2CA8923E00BB20F7 /* Embed Frameworks */ = {
			isa = PBXCopyFilesBuildPhase;
			buildActionMask = 2147483647;
			dstPath = "";
			dstSubfolderSpec = 10;
			files = (
				33768ECD2CA8923E00BB20F7 /* Testing.framework in Embed Frameworks */,
			);
			name = "Embed Frameworks";
			runOnlyForDeploymentPostprocessing = 0;
		};
/* End PBXCopyFilesBuildPhase section */

/* Begin PBXFileReference section */
		332807552CA7AEC10036F691 /* LibCbor.xcframework */ = {isa = PBXFileReference; lastKnownFileType = wrapper.xcframework; name = LibCbor.xcframework; path = Frameworks/LibCbor.xcframework; sourceTree = "<group>"; };
		332807562CA7AEC10036F691 /* LibCrypto.xcframework */ = {isa = PBXFileReference; lastKnownFileType = wrapper.xcframework; name = LibCrypto.xcframework; path = Frameworks/LibCrypto.xcframework; sourceTree = "<group>"; };
		332807572CA7AEC10036F691 /* LibFido2Static.xcframework */ = {isa = PBXFileReference; lastKnownFileType = wrapper.xcframework; name = LibFido2Static.xcframework; path = Frameworks/LibFido2Static.xcframework; sourceTree = "<group>"; };
		332807582CA7AEC10036F691 /* LibFido2Dynamic.xcframework */ = {isa = PBXFileReference; lastKnownFileType = wrapper.xcframework; name = LibFido2Dynamic.xcframework; path = Frameworks/LibFido2Dynamic.xcframework; sourceTree = "<group>"; };
		332807702CA7BB800036F691 /* LibFido2TestApp.app */ = {isa = PBXFileReference; explicitFileType = wrapper.application; includeInIndex = 0; path = LibFido2TestApp.app; sourceTree = BUILT_PRODUCTS_DIR; };
		332807A22CA7BB930036F691 /* libfido2.xcframework */ = {isa = PBXFileReference; lastKnownFileType = wrapper.xcframework; name = libfido2.xcframework; path = Frameworks/libfido2.xcframework; sourceTree = "<group>"; };
		332807BA2CA7C2F90036F691 /* libfido2.framework */ = {isa = PBXFileReference; lastKnownFileType = wrapper.framework; name = libfido2.framework; path = Frameworks/libfido2.framework; sourceTree = "<group>"; };
		33768ECB2CA8923E00BB20F7 /* Testing.framework */ = {isa = PBXFileReference; lastKnownFileType = wrapper.framework; name = Testing.framework; path = Platforms/MacOSX.platform/Developer/Library/Frameworks/Testing.framework; sourceTree = DEVELOPER_DIR; };
/* End PBXFileReference section */

/* Begin PBXFileSystemSynchronizedRootGroup section */
		332807712CA7BB800036F691 /* LibFido2TestApp */ = {
			isa = PBXFileSystemSynchronizedRootGroup;
			path = LibFido2TestApp;
			sourceTree = "<group>";
		};
/* End PBXFileSystemSynchronizedRootGroup section */

/* Begin PBXFrameworksBuildPhase section */
		3328076D2CA7BB800036F691 /* Frameworks */ = {
			isa = PBXFrameworksBuildPhase;
			buildActionMask = 2147483647;
			files = (
				334A93252CA86ADA00A5E079 /* LibFido2Swift in Frameworks */,
				33768ECC2CA8923E00BB20F7 /* Testing.framework in Frameworks */,
				33768ECA2CA891D200BB20F7 /* LibFido2Swift in Frameworks */,
			);
			runOnlyForDeploymentPostprocessing = 0;
		};
/* End PBXFrameworksBuildPhase section */

/* Begin PBXGroup section */
		332807542CA7AEC10036F691 /* Frameworks */ = {
			isa = PBXGroup;
			children = (
				33768ECB2CA8923E00BB20F7 /* Testing.framework */,
				332807BA2CA7C2F90036F691 /* libfido2.framework */,
				332807A22CA7BB930036F691 /* libfido2.xcframework */,
				332807552CA7AEC10036F691 /* LibCbor.xcframework */,
				332807562CA7AEC10036F691 /* LibCrypto.xcframework */,
				332807582CA7AEC10036F691 /* LibFido2Dynamic.xcframework */,
				332807572CA7AEC10036F691 /* LibFido2Static.xcframework */,
			);
			name = Frameworks;
			sourceTree = "<group>";
		};
		3356EC6A2C90C0C20037DC0B = {
			isa = PBXGroup;
			children = (
				332807712CA7BB800036F691 /* LibFido2TestApp */,
				332807542CA7AEC10036F691 /* Frameworks */,
				3356EC742C90C0C20037DC0B /* Products */,
			);
			sourceTree = "<group>";
		};
		3356EC742C90C0C20037DC0B /* Products */ = {
			isa = PBXGroup;
			children = (
				332807702CA7BB800036F691 /* LibFido2TestApp.app */,
			);
			name = Products;
			sourceTree = "<group>";
		};
/* End PBXGroup section */

/* Begin PBXNativeTarget section */
		3328076F2CA7BB800036F691 /* LibFido2TestApp */ = {
			isa = PBXNativeTarget;
			buildConfigurationList = 332807922CA7BB820036F691 /* Build configuration list for PBXNativeTarget "LibFido2TestApp" */;
			buildPhases = (
				3328076C2CA7BB800036F691 /* Sources */,
				3328076D2CA7BB800036F691 /* Frameworks */,
				3328076E2CA7BB800036F691 /* Resources */,
				33768ECE2CA8923E00BB20F7 /* Embed Frameworks */,
			);
			buildRules = (
			);
			dependencies = (
			);
			fileSystemSynchronizedGroups = (
				332807712CA7BB800036F691 /* LibFido2TestApp */,
			);
			name = LibFido2TestApp;
			packageProductDependencies = (
				334A93242CA86ADA00A5E079 /* LibFido2Swift */,
				33768EC92CA891D200BB20F7 /* LibFido2Swift */,
			);
			productName = LibFido2App;
			productReference = 332807702CA7BB800036F691 /* LibFido2TestApp.app */;
			productType = "com.apple.product-type.application";
		};
/* End PBXNativeTarget section */

/* Begin PBXProject section */
		3356EC6B2C90C0C20037DC0B /* Project object */ = {
			isa = PBXProject;
			attributes = {
				BuildIndependentTargetsInParallel = 1;
				LastSwiftUpdateCheck = 1600;
				LastUpgradeCheck = 1600;
				TargetAttributes = {
					3328076F2CA7BB800036F691 = {
						CreatedOnToolsVersion = 16.0;
					};
				};
			};
			buildConfigurationList = 3356EC6E2C90C0C20037DC0B /* Build configuration list for PBXProject "LibFido2Swift" */;
			developmentRegion = en;
			hasScannedForEncodings = 0;
			knownRegions = (
				en,
				Base,
			);
			mainGroup = 3356EC6A2C90C0C20037DC0B;
			minimizedProjectReferenceProxies = 1;
			packageReferences = (
				33768EC82CA891D200BB20F7 /* XCLocalSwiftPackageReference "../LibFido2Swift" */,
			);
			preferredProjectObjectVersion = 77;
			productRefGroup = 3356EC742C90C0C20037DC0B /* Products */;
			projectDirPath = "";
			projectRoot = "";
			targets = (
				3328076F2CA7BB800036F691 /* LibFido2TestApp */,
			);
		};
/* End PBXProject section */

/* Begin PBXResourcesBuildPhase section */
		3328076E2CA7BB800036F691 /* Resources */ = {
			isa = PBXResourcesBuildPhase;
			buildActionMask = 2147483647;
			files = (
			);
			runOnlyForDeploymentPostprocessing = 0;
		};
/* End PBXResourcesBuildPhase section */

/* Begin PBXSourcesBuildPhase section */
		3328076C2CA7BB800036F691 /* Sources */ = {
			isa = PBXSourcesBuildPhase;
			buildActionMask = 2147483647;
			files = (
			);
			runOnlyForDeploymentPostprocessing = 0;
		};
/* End PBXSourcesBuildPhase section */

/* Begin XCBuildConfiguration section */
		332807932CA7BB820036F691 /* Debug */ = {
			isa = XCBuildConfiguration;
			buildSettings = {
				ASSETCATALOG_COMPILER_APPICON_NAME = AppIcon;
				ASSETCATALOG_COMPILER_GLOBAL_ACCENT_COLOR_NAME = AccentColor;
				CODE_SIGN_ENTITLEMENTS = LibFido2TestApp/LibFido2App.entitlements;
				CODE_SIGN_STYLE = Automatic;
				COMBINE_HIDPI_IMAGES = YES;
				CURRENT_PROJECT_VERSION = 1;
				DEVELOPMENT_ASSET_PATHS = "\"LibFido2TestApp/Preview Content\"";
				DEVELOPMENT_TEAM = YL427HHUZP;
				ENABLE_HARDENED_RUNTIME = YES;
				ENABLE_PREVIEWS = YES;
				FRAMEWORK_SEARCH_PATHS = (
					"$(inherited)",
					"$(SRCROOT)/Frameworks",
					"$(PROJECT_DIR)/Frameworks",
				);
				GENERATE_INFOPLIST_FILE = YES;
				INFOPLIST_KEY_NSHumanReadableCopyright = "";
				LD_RUNPATH_SEARCH_PATHS = (
					"$(inherited)",
					"@executable_path/../Frameworks",
				);
				MACOSX_DEPLOYMENT_TARGET = 13.5;
				MARKETING_VERSION = 1.0;
				PRODUCT_BUNDLE_IDENTIFIER = com.kinoroy.LibFido2App;
				PRODUCT_NAME = "$(TARGET_NAME)";
				SWIFT_EMIT_LOC_STRINGS = YES;
				SWIFT_VERSION = 5.0;
			};
			name = Debug;
		};
		332807942CA7BB820036F691 /* Release */ = {
			isa = XCBuildConfiguration;
			buildSettings = {
				ASSETCATALOG_COMPILER_APPICON_NAME = AppIcon;
				ASSETCATALOG_COMPILER_GLOBAL_ACCENT_COLOR_NAME = AccentColor;
				CODE_SIGN_ENTITLEMENTS = LibFido2TestApp/LibFido2App.entitlements;
				CODE_SIGN_STYLE = Automatic;
				COMBINE_HIDPI_IMAGES = YES;
				CURRENT_PROJECT_VERSION = 1;
				DEVELOPMENT_ASSET_PATHS = "\"LibFido2TestApp/Preview Content\"";
				DEVELOPMENT_TEAM = YL427HHUZP;
				ENABLE_HARDENED_RUNTIME = YES;
				ENABLE_PREVIEWS = YES;
				FRAMEWORK_SEARCH_PATHS = (
					"$(inherited)",
					"$(SRCROOT)/Frameworks",
					"$(PROJECT_DIR)/Frameworks",
				);
				GENERATE_INFOPLIST_FILE = YES;
				INFOPLIST_KEY_NSHumanReadableCopyright = "";
				LD_RUNPATH_SEARCH_PATHS = (
					"$(inherited)",
					"@executable_path/../Frameworks",
				);
				MACOSX_DEPLOYMENT_TARGET = 13.5;
				MARKETING_VERSION = 1.0;
				PRODUCT_BUNDLE_IDENTIFIER = com.kinoroy.LibFido2App;
				PRODUCT_NAME = "$(TARGET_NAME)";
				SWIFT_EMIT_LOC_STRINGS = YES;
				SWIFT_VERSION = 5.0;
			};
			name = Release;
		};
		3356EC782C90C0C20037DC0B /* Debug */ = {
			isa = XCBuildConfiguration;
			buildSettings = {
				ALWAYS_SEARCH_USER_PATHS = NO;
				ASSETCATALOG_COMPILER_GENERATE_SWIFT_ASSET_SYMBOL_EXTENSIONS = YES;
				CLANG_ANALYZER_NONNULL = YES;
				CLANG_ANALYZER_NUMBER_OBJECT_CONVERSION = YES_AGGRESSIVE;
				CLANG_CXX_LANGUAGE_STANDARD = "gnu++20";
				CLANG_ENABLE_MODULES = YES;
				CLANG_ENABLE_OBJC_ARC = YES;
				CLANG_ENABLE_OBJC_WEAK = YES;
				CLANG_WARN_BLOCK_CAPTURE_AUTORELEASING = YES;
				CLANG_WARN_BOOL_CONVERSION = YES;
				CLANG_WARN_COMMA = YES;
				CLANG_WARN_CONSTANT_CONVERSION = YES;
				CLANG_WARN_DEPRECATED_OBJC_IMPLEMENTATIONS = YES;
				CLANG_WARN_DIRECT_OBJC_ISA_USAGE = YES_ERROR;
				CLANG_WARN_DOCUMENTATION_COMMENTS = YES;
				CLANG_WARN_EMPTY_BODY = YES;
				CLANG_WARN_ENUM_CONVERSION = YES;
				CLANG_WARN_INFINITE_RECURSION = YES;
				CLANG_WARN_INT_CONVERSION = YES;
				CLANG_WARN_NON_LITERAL_NULL_CONVERSION = YES;
				CLANG_WARN_OBJC_IMPLICIT_RETAIN_SELF = YES;
				CLANG_WARN_OBJC_LITERAL_CONVERSION = YES;
				CLANG_WARN_OBJC_ROOT_CLASS = YES_ERROR;
				CLANG_WARN_QUOTED_INCLUDE_IN_FRAMEWORK_HEADER = YES;
				CLANG_WARN_RANGE_LOOP_ANALYSIS = YES;
				CLANG_WARN_STRICT_PROTOTYPES = YES;
				CLANG_WARN_SUSPICIOUS_MOVE = YES;
				CLANG_WARN_UNGUARDED_AVAILABILITY = YES_AGGRESSIVE;
				CLANG_WARN_UNREACHABLE_CODE = YES;
				CLANG_WARN__DUPLICATE_METHOD_MATCH = YES;
				COPY_PHASE_STRIP = NO;
				DEBUG_INFORMATION_FORMAT = dwarf;
				ENABLE_STRICT_OBJC_MSGSEND = YES;
				ENABLE_TESTABILITY = YES;
				ENABLE_USER_SCRIPT_SANDBOXING = YES;
				GCC_C_LANGUAGE_STANDARD = gnu17;
				GCC_DYNAMIC_NO_PIC = NO;
				GCC_NO_COMMON_BLOCKS = YES;
				GCC_OPTIMIZATION_LEVEL = 0;
				GCC_PREPROCESSOR_DEFINITIONS = (
					"DEBUG=1",
					"$(inherited)",
				);
				GCC_WARN_64_TO_32_BIT_CONVERSION = YES;
				GCC_WARN_ABOUT_RETURN_TYPE = YES_ERROR;
				GCC_WARN_UNDECLARED_SELECTOR = YES;
				GCC_WARN_UNINITIALIZED_AUTOS = YES_AGGRESSIVE;
				GCC_WARN_UNUSED_FUNCTION = YES;
				GCC_WARN_UNUSED_VARIABLE = YES;
				LOCALIZATION_PREFERS_STRING_CATALOGS = YES;
				MACOSX_DEPLOYMENT_TARGET = 15.0;
				MTL_ENABLE_DEBUG_INFO = INCLUDE_SOURCE;
				MTL_FAST_MATH = YES;
				ONLY_ACTIVE_ARCH = YES;
				SDKROOT = macosx;
				SWIFT_ACTIVE_COMPILATION_CONDITIONS = "DEBUG $(inherited)";
				SWIFT_OPTIMIZATION_LEVEL = "-Onone";
			};
			name = Debug;
		};
		3356EC792C90C0C20037DC0B /* Release */ = {
			isa = XCBuildConfiguration;
			buildSettings = {
				ALWAYS_SEARCH_USER_PATHS = NO;
				ASSETCATALOG_COMPILER_GENERATE_SWIFT_ASSET_SYMBOL_EXTENSIONS = YES;
				CLANG_ANALYZER_NONNULL = YES;
				CLANG_ANALYZER_NUMBER_OBJECT_CONVERSION = YES_AGGRESSIVE;
				CLANG_CXX_LANGUAGE_STANDARD = "gnu++20";
				CLANG_ENABLE_MODULES = YES;
				CLANG_ENABLE_OBJC_ARC = YES;
				CLANG_ENABLE_OBJC_WEAK = YES;
				CLANG_WARN_BLOCK_CAPTURE_AUTORELEASING = YES;
				CLANG_WARN_BOOL_CONVERSION = YES;
				CLANG_WARN_COMMA = YES;
				CLANG_WARN_CONSTANT_CONVERSION = YES;
				CLANG_WARN_DEPRECATED_OBJC_IMPLEMENTATIONS = YES;
				CLANG_WARN_DIRECT_OBJC_ISA_USAGE = YES_ERROR;
				CLANG_WARN_DOCUMENTATION_COMMENTS = YES;
				CLANG_WARN_EMPTY_BODY = YES;
				CLANG_WARN_ENUM_CONVERSION = YES;
				CLANG_WARN_INFINITE_RECURSION = YES;
				CLANG_WARN_INT_CONVERSION = YES;
				CLANG_WARN_NON_LITERAL_NULL_CONVERSION = YES;
				CLANG_WARN_OBJC_IMPLICIT_RETAIN_SELF = YES;
				CLANG_WARN_OBJC_LITERAL_CONVERSION = YES;
				CLANG_WARN_OBJC_ROOT_CLASS = YES_ERROR;
				CLANG_WARN_QUOTED_INCLUDE_IN_FRAMEWORK_HEADER = YES;
				CLANG_WARN_RANGE_LOOP_ANALYSIS = YES;
				CLANG_WARN_STRICT_PROTOTYPES = YES;
				CLANG_WARN_SUSPICIOUS_MOVE = YES;
				CLANG_WARN_UNGUARDED_AVAILABILITY = YES_AGGRESSIVE;
				CLANG_WARN_UNREACHABLE_CODE = YES;
				CLANG_WARN__DUPLICATE_METHOD_MATCH = YES;
				COPY_PHASE_STRIP = NO;
				DEBUG_INFORMATION_FORMAT = "dwarf-with-dsym";
				ENABLE_NS_ASSERTIONS = NO;
				ENABLE_STRICT_OBJC_MSGSEND = YES;
				ENABLE_USER_SCRIPT_SANDBOXING = YES;
				GCC_C_LANGUAGE_STANDARD = gnu17;
				GCC_NO_COMMON_BLOCKS = YES;
				GCC_WARN_64_TO_32_BIT_CONVERSION = YES;
				GCC_WARN_ABOUT_RETURN_TYPE = YES_ERROR;
				GCC_WARN_UNDECLARED_SELECTOR = YES;
				GCC_WARN_UNINITIALIZED_AUTOS = YES_AGGRESSIVE;
				GCC_WARN_UNUSED_FUNCTION = YES;
				GCC_WARN_UNUSED_VARIABLE = YES;
				LOCALIZATION_PREFERS_STRING_CATALOGS = YES;
				MACOSX_DEPLOYMENT_TARGET = 15.0;
				MTL_ENABLE_DEBUG_INFO = NO;
				MTL_FAST_MATH = YES;
				SDKROOT = macosx;
				SWIFT_COMPILATION_MODE = wholemodule;
			};
			name = Release;
		};
/* End XCBuildConfiguration section */

/* Begin XCConfigurationList section */
		332807922CA7BB820036F691 /* Build configuration list for PBXNativeTarget "LibFido2TestApp" */ = {
			isa = XCConfigurationList;
			buildConfigurations = (
				332807932CA7BB820036F691 /* Debug */,
				332807942CA7BB820036F691 /* Release */,
			);
			defaultConfigurationIsVisible = 0;
			defaultConfigurationName = Release;
		};
		3356EC6E2C90C0C20037DC0B /* Build configuration list for PBXProject "LibFido2Swift" */ = {
			isa = XCConfigurationList;
			buildConfigurations = (
				3356EC782C90C0C20037DC0B /* Debug */,
				3356EC792C90C0C20037DC0B /* Release */,
			);
			defaultConfigurationIsVisible = 0;
			defaultConfigurationName = Release;
		};
/* End XCConfigurationList section */

/* Begin XCLocalSwiftPackageReference section */
		33768EC82CA891D200BB20F7 /* XCLocalSwiftPackageReference "../LibFido2Swift" */ = {
			isa = XCLocalSwiftPackageReference;
			relativePath = ../LibFido2Swift;
		};
/* End XCLocalSwiftPackageReference section */

/* Begin XCSwiftPackageProductDependency section */
		334A93242CA86ADA00A5E079 /* LibFido2Swift */ = {
			isa = XCSwiftPackageProductDependency;
			productName = LibFido2Swift;
		};
		33768EC92CA891D200BB20F7 /* LibFido2Swift */ = {
			isa = XCSwiftPackageProductDependency;
			productName = LibFido2Swift;
		};
/* End XCSwiftPackageProductDependency section */
	};
	rootObject = 3356EC6B2C90C0C20037DC0B /* Project object */;
}
